
Microsoft Visual Studio Solution File, Format Version 12.00
# Visual Studio Version 16
VisualStudioVersion = 16.0.31624.102
MinimumVisualStudioVersion = 10.0.40219.1
Project("{FAE04EC0-301F-11D3-BF4B-00C04F79EFBC}") = "DevextremeXPOCRUD", "DevextremeXPOCRUD\DevextremeXPOCRUD.csproj", "{4669CF8D-CE62-485F-9CA1-DF3583B6B76A}"
EndProject
Project("{2150E333-8FDC-42A3-9474-1A3956D46DE8}") = "DevExtreme NuGet.config", "DevExtreme NuGet.config", "{F8C26203-C419-40F1-8985-F842D82688C6}"
	ProjectSection(SolutionItems) = preProject
		NuGet.config = NuGet.config
	EndProjectSection
EndProject
Global
	GlobalSection(SolutionConfigurationPlatforms) = preSolution
		Debug|Any CPU = Debug|Any CPU
		Release|Any CPU = Release|Any CPU
	EndGlobalSection
	GlobalSection(ProjectConfigurationPlatforms) = postSolution
		{4669CF8D-CE62-485F-9CA1-DF3583B6B76A}.Debug|Any CPU.ActiveCfg = Debug|Any CPU
		{4669CF8D-CE62-485F-9CA1-DF3583B6B76A}.Debug|Any CPU.Build.0 = Debug|Any CPU
		{4669CF8D-CE62-485F-9CA1-DF3583B6B76A}.Release|Any CPU.ActiveCfg = Release|Any CPU
		{4669CF8D-CE62-485F-9CA1-DF3583B6B76A}.Release|Any CPU.Build.0 = Release|Any CPU
	EndGlobalSection
	GlobalSection(SolutionProperties) = preSolution
		HideSolutionNode = FALSE
	EndGlobalSection
	GlobalSection(ExtensibilityGlobals) = postSolution
		SolutionGuid = {1761C7FA-35BE-4ED8-AA13-71B3A4DDC773}
	EndGlobalSection
EndGlobal
